// !$*UTF8*$!
{
	archiveVersion = 1;
	classes = {
	};
	objectVersion = 45;
	objects = {

/* Begin PBXBuildFile section */
		1D3623260D0F684500981E51 /* KremlinAppDelegate.m in Sources */ = {isa = PBXBuildFile; fileRef = 1D3623250D0F684500981E51 /* KremlinAppDelegate.m */; };
		1D60589B0D05DD56006BFB54 /* main.m in Sources */ = {isa = PBXBuildFile; fileRef = 29B97316FDCFA39411CA2CEA /* main.m */; };
		1D60589F0D05DD5A006BFB54 /* Foundation.framework in Frameworks */ = {isa = PBXBuildFile; fileRef = 1D30AB110D05D00D00671497 /* Foundation.framework */; };
		1DF5F4E00D08C38300B7A737 /* UIKit.framework in Frameworks */ = {isa = PBXBuildFile; fileRef = 1DF5F4DF0D08C38300B7A737 /* UIKit.framework */; };
		288765A50DF7441C002DB57D /* CoreGraphics.framework in Frameworks */ = {isa = PBXBuildFile; fileRef = 288765A40DF7441C002DB57D /* CoreGraphics.framework */; };
		2899E5220DE3E06400AC0155 /* KremlinViewController.xib in Resources */ = {isa = PBXBuildFile; fileRef = 2899E5210DE3E06400AC0155 /* KremlinViewController.xib */; };
		28AD733F0D9D9553002E5188 /* MainWindow.xib in Resources */ = {isa = PBXBuildFile; fileRef = 28AD733E0D9D9553002E5188 /* MainWindow.xib */; };
		28D7ACF80DDB3853001CB0EB /* KremlinViewController.m in Sources */ = {isa = PBXBuildFile; fileRef = 28D7ACF70DDB3853001CB0EB /* KremlinViewController.m */; };
		D121623312673A3800B763CD /* iAd.framework in Frameworks */ = {isa = PBXBuildFile; fileRef = D121623212673A3800B763CD /* iAd.framework */; settings = {ATTRIBUTES = (Weak, ); }; };
		D14FBA0213976BD2000661B1 /* libGoogleAdMobAds.a in Frameworks */ = {isa = PBXBuildFile; fileRef = D14FBA0013976BD2000661B1 /* libGoogleAdMobAds.a */; };
		D14FBA0313976BD2000661B1 /* README.txt in Resources */ = {isa = PBXBuildFile; fileRef = D14FBA0113976BD2000661B1 /* README.txt */; };
		D14FBA0913977344000661B1 /* SystemConfiguration.framework in Frameworks */ = {isa = PBXBuildFile; fileRef = D14FBA0613977344000661B1 /* SystemConfiguration.framework */; };
		D163B827128EBA030013FFC3 /* AudioToolbox.framework in Frameworks */ = {isa = PBXBuildFile; fileRef = D163B826128EBA030013FFC3 /* AudioToolbox.framework */; };
		D163B829128EBA030013FFC3 /* MediaPlayer.framework in Frameworks */ = {isa = PBXBuildFile; fileRef = D163B828128EBA030013FFC3 /* MediaPlayer.framework */; };
		D163B82B128EBA030013FFC3 /* MessageUI.framework in Frameworks */ = {isa = PBXBuildFile; fileRef = D163B82A128EBA030013FFC3 /* MessageUI.framework */; };
		D163B82D128EBA030013FFC3 /* QuartzCore.framework in Frameworks */ = {isa = PBXBuildFile; fileRef = D163B82C128EBA030013FFC3 /* QuartzCore.framework */; };
		D163B84C128EBA760013FFC3 /* CDataScanner.m in Sources */ = {isa = PBXBuildFile; fileRef = D163B836128EBA760013FFC3 /* CDataScanner.m */; };
		D163B84D128EBA760013FFC3 /* CDataScanner_Extensions.m in Sources */ = {isa = PBXBuildFile; fileRef = D163B839128EBA760013FFC3 /* CDataScanner_Extensions.m */; };
		D163B84E128EBA760013FFC3 /* NSCharacterSet_Extensions.m in Sources */ = {isa = PBXBuildFile; fileRef = D163B83B128EBA760013FFC3 /* NSCharacterSet_Extensions.m */; };
		D163B84F128EBA760013FFC3 /* NSDictionary_JSONExtensions.m in Sources */ = {isa = PBXBuildFile; fileRef = D163B83D128EBA760013FFC3 /* NSDictionary_JSONExtensions.m */; };
		D163B850128EBA760013FFC3 /* NSScanner_Extensions.m in Sources */ = {isa = PBXBuildFile; fileRef = D163B83F128EBA760013FFC3 /* NSScanner_Extensions.m */; };
		D163B851128EBA760013FFC3 /* CJSONDataSerializer.m in Sources */ = {isa = PBXBuildFile; fileRef = D163B842128EBA760013FFC3 /* CJSONDataSerializer.m */; };
		D163B852128EBA760013FFC3 /* CJSONDeserializer.m in Sources */ = {isa = PBXBuildFile; fileRef = D163B844128EBA760013FFC3 /* CJSONDeserializer.m */; };
		D163B853128EBA760013FFC3 /* CJSONScanner.m in Sources */ = {isa = PBXBuildFile; fileRef = D163B846128EBA760013FFC3 /* CJSONScanner.m */; };
		D163B854128EBA760013FFC3 /* CJSONSerializer.m in Sources */ = {isa = PBXBuildFile; fileRef = D163B848128EBA760013FFC3 /* CJSONSerializer.m */; };
		D163B855128EBA760013FFC3 /* CSerializedJSONData.m in Sources */ = {isa = PBXBuildFile; fileRef = D163B84A128EBA760013FFC3 /* CSerializedJSONData.m */; };
		D186E6D9122E7D44000D9F92 /* Done1.jpg in Resources */ = {isa = PBXBuildFile; fileRef = D186E6BD122E7D44000D9F92 /* Done1.jpg */; };
		D186E6DA122E7D44000D9F92 /* Done10.jpg in Resources */ = {isa = PBXBuildFile; fileRef = D186E6BE122E7D44000D9F92 /* Done10.jpg */; };
		D186E6DB122E7D44000D9F92 /* Done11.jpg in Resources */ = {isa = PBXBuildFile; fileRef = D186E6BF122E7D44000D9F92 /* Done11.jpg */; };
		D186E6DC122E7D44000D9F92 /* Done12.jpg in Resources */ = {isa = PBXBuildFile; fileRef = D186E6C0122E7D44000D9F92 /* Done12.jpg */; };
		D186E6DD122E7D44000D9F92 /* Done13.jpg in Resources */ = {isa = PBXBuildFile; fileRef = D186E6C1122E7D44000D9F92 /* Done13.jpg */; };
		D186E6DE122E7D44000D9F92 /* Done14.jpg in Resources */ = {isa = PBXBuildFile; fileRef = D186E6C2122E7D44000D9F92 /* Done14.jpg */; };
		D186E6DF122E7D44000D9F92 /* Done15.jpg in Resources */ = {isa = PBXBuildFile; fileRef = D186E6C3122E7D44000D9F92 /* Done15.jpg */; };
		D186E6E0122E7D44000D9F92 /* Done16.jpg in Resources */ = {isa = PBXBuildFile; fileRef = D186E6C4122E7D44000D9F92 /* Done16.jpg */; };
		D186E6E1122E7D44000D9F92 /* Done17.jpg in Resources */ = {isa = PBXBuildFile; fileRef = D186E6C5122E7D44000D9F92 /* Done17.jpg */; };
		D186E6E2122E7D44000D9F92 /* Done18.jpg in Resources */ = {isa = PBXBuildFile; fileRef = D186E6C6122E7D44000D9F92 /* Done18.jpg */; };
		D186E6E3122E7D44000D9F92 /* Done19.jpg in Resources */ = {isa = PBXBuildFile; fileRef = D186E6C7122E7D44000D9F92 /* Done19.jpg */; };
		D186E6E4122E7D44000D9F92 /* Done2.jpg in Resources */ = {isa = PBXBuildFile; fileRef = D186E6C8122E7D44000D9F92 /* Done2.jpg */; };
		D186E6E5122E7D44000D9F92 /* Done20.jpg in Resources */ = {isa = PBXBuildFile; fileRef = D186E6C9122E7D44000D9F92 /* Done20.jpg */; };
		D186E6E6122E7D44000D9F92 /* Done21.jpg in Resources */ = {isa = PBXBuildFile; fileRef = D186E6CA122E7D44000D9F92 /* Done21.jpg */; };
		D186E6E7122E7D44000D9F92 /* Done3.jpg in Resources */ = {isa = PBXBuildFile; fileRef = D186E6CB122E7D44000D9F92 /* Done3.jpg */; };
		D186E6E8122E7D44000D9F92 /* Done4.jpg in Resources */ = {isa = PBXBuildFile; fileRef = D186E6CC122E7D44000D9F92 /* Done4.jpg */; };
		D186E6E9122E7D44000D9F92 /* Done5.jpg in Resources */ = {isa = PBXBuildFile; fileRef = D186E6CD122E7D44000D9F92 /* Done5.jpg */; };
		D186E6EA122E7D44000D9F92 /* Done6.jpg in Resources */ = {isa = PBXBuildFile; fileRef = D186E6CE122E7D44000D9F92 /* Done6.jpg */; };
		D186E6EB122E7D44000D9F92 /* Done7.jpg in Resources */ = {isa = PBXBuildFile; fileRef = D186E6CF122E7D44000D9F92 /* Done7.jpg */; };
		D186E6EC122E7D44000D9F92 /* Done8.jpg in Resources */ = {isa = PBXBuildFile; fileRef = D186E6D0122E7D44000D9F92 /* Done8.jpg */; };
		D186E6ED122E7D44000D9F92 /* Done9.jpg in Resources */ = {isa = PBXBuildFile; fileRef = D186E6D1122E7D44000D9F92 /* Done9.jpg */; };
		D186E6EE122E7D44000D9F92 /* Icon-72.png in Resources */ = {isa = PBXBuildFile; fileRef = D186E6D2122E7D44000D9F92 /* Icon-72.png */; };
		D186E6EF122E7D44000D9F92 /* Icon-Small-50.png in Resources */ = {isa = PBXBuildFile; fileRef = D186E6D3122E7D44000D9F92 /* Icon-Small-50.png */; };
		D186E6F0122E7D44000D9F92 /* Icon-Small.png in Resources */ = {isa = PBXBuildFile; fileRef = D186E6D4122E7D44000D9F92 /* Icon-Small.png */; };
		D186E6F1122E7D44000D9F92 /* Icon-Small@2x.png in Resources */ = {isa = PBXBuildFile; fileRef = D186E6D5122E7D44000D9F92 /* Icon-Small@2x.png */; };
		D186E6F2122E7D44000D9F92 /* Icon.png in Resources */ = {isa = PBXBuildFile; fileRef = D186E6D6122E7D44000D9F92 /* Icon.png */; };
		D186E6F3122E7D44000D9F92 /* Icon@2x.png in Resources */ = {isa = PBXBuildFile; fileRef = D186E6D7122E7D44000D9F92 /* Icon@2x.png */; };
		D186E6F4122E7D44000D9F92 /* iTunesArtwork in Resources */ = {isa = PBXBuildFile; fileRef = D186E6D8122E7D44000D9F92 /* iTunesArtwork */; };
		D186E6F8122E7D6B000D9F92 /* Default.png in Resources */ = {isa = PBXBuildFile; fileRef = D186E6F7122E7D6B000D9F92 /* Default.png */; };
/* End PBXBuildFile section */

/* Begin PBXFileReference section */
		1D30AB110D05D00D00671497 /* Foundation.framework */ = {isa = PBXFileReference; lastKnownFileType = wrapper.framework; name = Foundation.framework; path = System/Library/Frameworks/Foundation.framework; sourceTree = SDKROOT; };
		1D3623240D0F684500981E51 /* KremlinAppDelegate.h */ = {isa = PBXFileReference; fileEncoding = 4; lastKnownFileType = sourcecode.c.h; path = KremlinAppDelegate.h; sourceTree = "<group>"; };
		1D3623250D0F684500981E51 /* KremlinAppDelegate.m */ = {isa = PBXFileReference; fileEncoding = 4; lastKnownFileType = sourcecode.c.objc; path = KremlinAppDelegate.m; sourceTree = "<group>"; };
		1D6058910D05DD3D006BFB54 /* Kremlin.app */ = {isa = PBXFileReference; explicitFileType = wrapper.application; includeInIndex = 0; path = Kremlin.app; sourceTree = BUILT_PRODUCTS_DIR; };
		1DF5F4DF0D08C38300B7A737 /* UIKit.framework */ = {isa = PBXFileReference; lastKnownFileType = wrapper.framework; name = UIKit.framework; path = System/Library/Frameworks/UIKit.framework; sourceTree = SDKROOT; };
		288765A40DF7441C002DB57D /* CoreGraphics.framework */ = {isa = PBXFileReference; lastKnownFileType = wrapper.framework; name = CoreGraphics.framework; path = System/Library/Frameworks/CoreGraphics.framework; sourceTree = SDKROOT; };
		2899E5210DE3E06400AC0155 /* KremlinViewController.xib */ = {isa = PBXFileReference; lastKnownFileType = file.xib; path = KremlinViewController.xib; sourceTree = "<group>"; };
		28AD733E0D9D9553002E5188 /* MainWindow.xib */ = {isa = PBXFileReference; lastKnownFileType = file.xib; path = MainWindow.xib; sourceTree = "<group>"; };
		28D7ACF60DDB3853001CB0EB /* KremlinViewController.h */ = {isa = PBXFileReference; fileEncoding = 4; lastKnownFileType = sourcecode.c.h; path = KremlinViewController.h; sourceTree = "<group>"; };
		28D7ACF70DDB3853001CB0EB /* KremlinViewController.m */ = {isa = PBXFileReference; fileEncoding = 4; lastKnownFileType = sourcecode.c.objc; path = KremlinViewController.m; sourceTree = "<group>"; };
		29B97316FDCFA39411CA2CEA /* main.m */ = {isa = PBXFileReference; fileEncoding = 4; lastKnownFileType = sourcecode.c.objc; path = main.m; sourceTree = "<group>"; };
		32CA4F630368D1EE00C91783 /* Kremlin_Prefix.pch */ = {isa = PBXFileReference; fileEncoding = 4; lastKnownFileType = sourcecode.c.h; path = Kremlin_Prefix.pch; sourceTree = "<group>"; };
		8D1107310486CEB800E47090 /* Kremlin-Info.plist */ = {isa = PBXFileReference; fileEncoding = 4; lastKnownFileType = text.plist.xml; path = "Kremlin-Info.plist"; plistStructureDefinitionIdentifier = "com.apple.xcode.plist.structure-definition.iphone.info-plist"; sourceTree = "<group>"; };
		D121623212673A3800B763CD /* iAd.framework */ = {isa = PBXFileReference; lastKnownFileType = wrapper.framework; name = iAd.framework; path = System/Library/Frameworks/iAd.framework; sourceTree = SDKROOT; };
		D14FB9FA13976BD2000661B1 /* GADBannerView.h */ = {isa = PBXFileReference; fileEncoding = 4; lastKnownFileType = sourcecode.c.h; path = GADBannerView.h; sourceTree = "<group>"; };
		D14FB9FB13976BD2000661B1 /* GADBannerViewDelegate.h */ = {isa = PBXFileReference; fileEncoding = 4; lastKnownFileType = sourcecode.c.h; path = GADBannerViewDelegate.h; sourceTree = "<group>"; };
		D14FB9FC13976BD2000661B1 /* GADInterstitial.h */ = {isa = PBXFileReference; fileEncoding = 4; lastKnownFileType = sourcecode.c.h; path = GADInterstitial.h; sourceTree = "<group>"; };
		D14FB9FD13976BD2000661B1 /* GADInterstitialDelegate.h */ = {isa = PBXFileReference; fileEncoding = 4; lastKnownFileType = sourcecode.c.h; path = GADInterstitialDelegate.h; sourceTree = "<group>"; };
		D14FB9FE13976BD2000661B1 /* GADRequest.h */ = {isa = PBXFileReference; fileEncoding = 4; lastKnownFileType = sourcecode.c.h; path = GADRequest.h; sourceTree = "<group>"; };
		D14FB9FF13976BD2000661B1 /* GADRequestError.h */ = {isa = PBXFileReference; fileEncoding = 4; lastKnownFileType = sourcecode.c.h; path = GADRequestError.h; sourceTree = "<group>"; };
		D14FBA0013976BD2000661B1 /* libGoogleAdMobAds.a */ = {isa = PBXFileReference; lastKnownFileType = archive.ar; path = libGoogleAdMobAds.a; sourceTree = "<group>"; };
		D14FBA0113976BD2000661B1 /* README.txt */ = {isa = PBXFileReference; fileEncoding = 4; lastKnownFileType = text; path = README.txt; sourceTree = "<group>"; };
		D14FBA0613977344000661B1 /* SystemConfiguration.framework */ = {isa = PBXFileReference; lastKnownFileType = wrapper.framework; name = SystemConfiguration.framework; path = System/Library/Frameworks/SystemConfiguration.framework; sourceTree = SDKROOT; };
		D163B826128EBA030013FFC3 /* AudioToolbox.framework */ = {isa = PBXFileReference; lastKnownFileType = wrapper.framework; name = AudioToolbox.framework; path = System/Library/Frameworks/AudioToolbox.framework; sourceTree = SDKROOT; };
		D163B828128EBA030013FFC3 /* MediaPlayer.framework */ = {isa = PBXFileReference; lastKnownFileType = wrapper.framework; name = MediaPlayer.framework; path = System/Library/Frameworks/MediaPlayer.framework; sourceTree = SDKROOT; };
		D163B82A128EBA030013FFC3 /* MessageUI.framework */ = {isa = PBXFileReference; lastKnownFileType = wrapper.framework; name = MessageUI.framework; path = System/Library/Frameworks/MessageUI.framework; sourceTree = SDKROOT; };
		D163B82C128EBA030013FFC3 /* QuartzCore.framework */ = {isa = PBXFileReference; lastKnownFileType = wrapper.framework; name = QuartzCore.framework; path = System/Library/Frameworks/QuartzCore.framework; sourceTree = SDKROOT; };
		D163B835128EBA760013FFC3 /* CDataScanner.h */ = {isa = PBXFileReference; fileEncoding = 4; lastKnownFileType = sourcecode.c.h; path = CDataScanner.h; sourceTree = "<group>"; };
		D163B836128EBA760013FFC3 /* CDataScanner.m */ = {isa = PBXFileReference; fileEncoding = 4; lastKnownFileType = sourcecode.c.objc; path = CDataScanner.m; sourceTree = "<group>"; };
		D163B838128EBA760013FFC3 /* CDataScanner_Extensions.h */ = {isa = PBXFileReference; fileEncoding = 4; lastKnownFileType = sourcecode.c.h; path = CDataScanner_Extensions.h; sourceTree = "<group>"; };
		D163B839128EBA760013FFC3 /* CDataScanner_Extensions.m */ = {isa = PBXFileReference; fileEncoding = 4; lastKnownFileType = sourcecode.c.objc; path = CDataScanner_Extensions.m; sourceTree = "<group>"; };
		D163B83A128EBA760013FFC3 /* NSCharacterSet_Extensions.h */ = {isa = PBXFileReference; fileEncoding = 4; lastKnownFileType = sourcecode.c.h; path = NSCharacterSet_Extensions.h; sourceTree = "<group>"; };
		D163B83B128EBA760013FFC3 /* NSCharacterSet_Extensions.m */ = {isa = PBXFileReference; fileEncoding = 4; lastKnownFileType = sourcecode.c.objc; path = NSCharacterSet_Extensions.m; sourceTree = "<group>"; };
		D163B83C128EBA760013FFC3 /* NSDictionary_JSONExtensions.h */ = {isa = PBXFileReference; fileEncoding = 4; lastKnownFileType = sourcecode.c.h; path = NSDictionary_JSONExtensions.h; sourceTree = "<group>"; };
		D163B83D128EBA760013FFC3 /* NSDictionary_JSONExtensions.m */ = {isa = PBXFileReference; fileEncoding = 4; lastKnownFileType = sourcecode.c.objc; path = NSDictionary_JSONExtensions.m; sourceTree = "<group>"; };
		D163B83E128EBA760013FFC3 /* NSScanner_Extensions.h */ = {isa = PBXFileReference; fileEncoding = 4; lastKnownFileType = sourcecode.c.h; path = NSScanner_Extensions.h; sourceTree = "<group>"; };
		D163B83F128EBA760013FFC3 /* NSScanner_Extensions.m */ = {isa = PBXFileReference; fileEncoding = 4; lastKnownFileType = sourcecode.c.objc; path = NSScanner_Extensions.m; sourceTree = "<group>"; };
		D163B841128EBA760013FFC3 /* CJSONDataSerializer.h */ = {isa = PBXFileReference; fileEncoding = 4; lastKnownFileType = sourcecode.c.h; path = CJSONDataSerializer.h; sourceTree = "<group>"; };
		D163B842128EBA760013FFC3 /* CJSONDataSerializer.m */ = {isa = PBXFileReference; fileEncoding = 4; lastKnownFileType = sourcecode.c.objc; path = CJSONDataSerializer.m; sourceTree = "<group>"; };
		D163B843128EBA760013FFC3 /* CJSONDeserializer.h */ = {isa = PBXFileReference; fileEncoding = 4; lastKnownFileType = sourcecode.c.h; path = CJSONDeserializer.h; sourceTree = "<group>"; };
		D163B844128EBA760013FFC3 /* CJSONDeserializer.m */ = {isa = PBXFileReference; fileEncoding = 4; lastKnownFileType = sourcecode.c.objc; path = CJSONDeserializer.m; sourceTree = "<group>"; };
		D163B845128EBA760013FFC3 /* CJSONScanner.h */ = {isa = PBXFileReference; fileEncoding = 4; lastKnownFileType = sourcecode.c.h; path = CJSONScanner.h; sourceTree = "<group>"; };
		D163B846128EBA760013FFC3 /* CJSONScanner.m */ = {isa = PBXFileReference; fileEncoding = 4; lastKnownFileType = sourcecode.c.objc; path = CJSONScanner.m; sourceTree = "<group>"; };
		D163B847128EBA760013FFC3 /* CJSONSerializer.h */ = {isa = PBXFileReference; fileEncoding = 4; lastKnownFileType = sourcecode.c.h; path = CJSONSerializer.h; sourceTree = "<group>"; };
		D163B848128EBA760013FFC3 /* CJSONSerializer.m */ = {isa = PBXFileReference; fileEncoding = 4; lastKnownFileType = sourcecode.c.objc; path = CJSONSerializer.m; sourceTree = "<group>"; };
		D163B849128EBA760013FFC3 /* CSerializedJSONData.h */ = {isa = PBXFileReference; fileEncoding = 4; lastKnownFileType = sourcecode.c.h; path = CSerializedJSONData.h; sourceTree = "<group>"; };
		D163B84A128EBA760013FFC3 /* CSerializedJSONData.m */ = {isa = PBXFileReference; fileEncoding = 4; lastKnownFileType = sourcecode.c.objc; path = CSerializedJSONData.m; sourceTree = "<group>"; };
		D186E6BD122E7D44000D9F92 /* Done1.jpg */ = {isa = PBXFileReference; lastKnownFileType = image.jpeg; path = Done1.jpg; sourceTree = "<group>"; };
		D186E6BE122E7D44000D9F92 /* Done10.jpg */ = {isa = PBXFileReference; lastKnownFileType = image.jpeg; path = Done10.jpg; sourceTree = "<group>"; };
		D186E6BF122E7D44000D9F92 /* Done11.jpg */ = {isa = PBXFileReference; lastKnownFileType = image.jpeg; path = Done11.jpg; sourceTree = "<group>"; };
		D186E6C0122E7D44000D9F92 /* Done12.jpg */ = {isa = PBXFileReference; lastKnownFileType = image.jpeg; path = Done12.jpg; sourceTree = "<group>"; };
		D186E6C1122E7D44000D9F92 /* Done13.jpg */ = {isa = PBXFileReference; lastKnownFileType = image.jpeg; path = Done13.jpg; sourceTree = "<group>"; };
		D186E6C2122E7D44000D9F92 /* Done14.jpg */ = {isa = PBXFileReference; lastKnownFileType = image.jpeg; path = Done14.jpg; sourceTree = "<group>"; };
		D186E6C3122E7D44000D9F92 /* Done15.jpg */ = {isa = PBXFileReference; lastKnownFileType = image.jpeg; path = Done15.jpg; sourceTree = "<group>"; };
		D186E6C4122E7D44000D9F92 /* Done16.jpg */ = {isa = PBXFileReference; lastKnownFileType = image.jpeg; path = Done16.jpg; sourceTree = "<group>"; };
		D186E6C5122E7D44000D9F92 /* Done17.jpg */ = {isa = PBXFileReference; lastKnownFileType = image.jpeg; path = Done17.jpg; sourceTree = "<group>"; };
		D186E6C6122E7D44000D9F92 /* Done18.jpg */ = {isa = PBXFileReference; lastKnownFileType = image.jpeg; path = Done18.jpg; sourceTree = "<group>"; };
		D186E6C7122E7D44000D9F92 /* Done19.jpg */ = {isa = PBXFileReference; lastKnownFileType = image.jpeg; path = Done19.jpg; sourceTree = "<group>"; };
		D186E6C8122E7D44000D9F92 /* Done2.jpg */ = {isa = PBXFileReference; lastKnownFileType = image.jpeg; path = Done2.jpg; sourceTree = "<group>"; };
		D186E6C9122E7D44000D9F92 /* Done20.jpg */ = {isa = PBXFileReference; lastKnownFileType = image.jpeg; path = Done20.jpg; sourceTree = "<group>"; };
		D186E6CA122E7D44000D9F92 /* Done21.jpg */ = {isa = PBXFileReference; lastKnownFileType = image.jpeg; path = Done21.jpg; sourceTree = "<group>"; };
		D186E6CB122E7D44000D9F92 /* Done3.jpg */ = {isa = PBXFileReference; lastKnownFileType = image.jpeg; path = Done3.jpg; sourceTree = "<group>"; };
		D186E6CC122E7D44000D9F92 /* Done4.jpg */ = {isa = PBXFileReference; lastKnownFileType = image.jpeg; path = Done4.jpg; sourceTree = "<group>"; };
		D186E6CD122E7D44000D9F92 /* Done5.jpg */ = {isa = PBXFileReference; lastKnownFileType = image.jpeg; path = Done5.jpg; sourceTree = "<group>"; };
		D186E6CE122E7D44000D9F92 /* Done6.jpg */ = {isa = PBXFileReference; lastKnownFileType = image.jpeg; path = Done6.jpg; sourceTree = "<group>"; };
		D186E6CF122E7D44000D9F92 /* Done7.jpg */ = {isa = PBXFileReference; lastKnownFileType = image.jpeg; path = Done7.jpg; sourceTree = "<group>"; };
		D186E6D0122E7D44000D9F92 /* Done8.jpg */ = {isa = PBXFileReference; lastKnownFileType = image.jpeg; path = Done8.jpg; sourceTree = "<group>"; };
		D186E6D1122E7D44000D9F92 /* Done9.jpg */ = {isa = PBXFileReference; lastKnownFileType = image.jpeg; path = Done9.jpg; sourceTree = "<group>"; };
		D186E6D2122E7D44000D9F92 /* Icon-72.png */ = {isa = PBXFileReference; lastKnownFileType = image.png; path = "Icon-72.png"; sourceTree = "<group>"; };
		D186E6D3122E7D44000D9F92 /* Icon-Small-50.png */ = {isa = PBXFileReference; lastKnownFileType = image.png; path = "Icon-Small-50.png"; sourceTree = "<group>"; };
		D186E6D4122E7D44000D9F92 /* Icon-Small.png */ = {isa = PBXFileReference; lastKnownFileType = image.png; path = "Icon-Small.png"; sourceTree = "<group>"; };
		D186E6D5122E7D44000D9F92 /* Icon-Small@2x.png */ = {isa = PBXFileReference; lastKnownFileType = image.png; path = "Icon-Small@2x.png"; sourceTree = "<group>"; };
		D186E6D6122E7D44000D9F92 /* Icon.png */ = {isa = PBXFileReference; lastKnownFileType = image.png; path = Icon.png; sourceTree = "<group>"; };
		D186E6D7122E7D44000D9F92 /* Icon@2x.png */ = {isa = PBXFileReference; lastKnownFileType = image.png; path = "Icon@2x.png"; sourceTree = "<group>"; };
		D186E6D8122E7D44000D9F92 /* iTunesArtwork */ = {isa = PBXFileReference; lastKnownFileType = file; path = iTunesArtwork; sourceTree = "<group>"; };
		D186E6F7122E7D6B000D9F92 /* Default.png */ = {isa = PBXFileReference; lastKnownFileType = image.png; path = Default.png; sourceTree = "<group>"; };
/* End PBXFileReference section */

/* Begin PBXFrameworksBuildPhase section */
		1D60588F0D05DD3D006BFB54 /* Frameworks */ = {
			isa = PBXFrameworksBuildPhase;
			buildActionMask = 2147483647;
			files = (
				1D60589F0D05DD5A006BFB54 /* Foundation.framework in Frameworks */,
				1DF5F4E00D08C38300B7A737 /* UIKit.framework in Frameworks */,
				288765A50DF7441C002DB57D /* CoreGraphics.framework in Frameworks */,
				D121623312673A3800B763CD /* iAd.framework in Frameworks */,
				D163B827128EBA030013FFC3 /* AudioToolbox.framework in Frameworks */,
				D163B829128EBA030013FFC3 /* MediaPlayer.framework in Frameworks */,
				D163B82B128EBA030013FFC3 /* MessageUI.framework in Frameworks */,
				D163B82D128EBA030013FFC3 /* QuartzCore.framework in Frameworks */,
				D14FBA0213976BD2000661B1 /* libGoogleAdMobAds.a in Frameworks */,
				D14FBA0913977344000661B1 /* SystemConfiguration.framework in Frameworks */,
			);
			runOnlyForDeploymentPostprocessing = 0;
		};
/* End PBXFrameworksBuildPhase section */

/* Begin PBXGroup section */
		080E96DDFE201D6D7F000001 /* Classes */ = {
			isa = PBXGroup;
			children = (
				1D3623240D0F684500981E51 /* KremlinAppDelegate.h */,
				1D3623250D0F684500981E51 /* KremlinAppDelegate.m */,
				28D7ACF60DDB3853001CB0EB /* KremlinViewController.h */,
				28D7ACF70DDB3853001CB0EB /* KremlinViewController.m */,
			);
			path = Classes;
			sourceTree = "<group>";
		};
		19C28FACFE9D520D11CA2CBB /* Products */ = {
			isa = PBXGroup;
			children = (
				1D6058910D05DD3D006BFB54 /* Kremlin.app */,
			);
			name = Products;
			sourceTree = "<group>";
		};
		29B97314FDCFA39411CA2CEA /* CustomTemplate */ = {
			isa = PBXGroup;
			children = (
				D163B82E128EBA760013FFC3 /* AdMob */,
				D163B834128EBA760013FFC3 /* TouchJSON */,
				D186E6F7122E7D6B000D9F92 /* Default.png */,
				080E96DDFE201D6D7F000001 /* Classes */,
				29B97315FDCFA39411CA2CEA /* Other Sources */,
				29B97317FDCFA39411CA2CEA /* Resources */,
				29B97323FDCFA39411CA2CEA /* Frameworks */,
				19C28FACFE9D520D11CA2CBB /* Products */,
			);
			name = CustomTemplate;
			sourceTree = "<group>";
		};
		29B97315FDCFA39411CA2CEA /* Other Sources */ = {
			isa = PBXGroup;
			children = (
				32CA4F630368D1EE00C91783 /* Kremlin_Prefix.pch */,
				29B97316FDCFA39411CA2CEA /* main.m */,
			);
			name = "Other Sources";
			sourceTree = "<group>";
		};
		29B97317FDCFA39411CA2CEA /* Resources */ = {
			isa = PBXGroup;
			children = (
				D186E6BC122E7D44000D9F92 /* images */,
				2899E5210DE3E06400AC0155 /* KremlinViewController.xib */,
				28AD733E0D9D9553002E5188 /* MainWindow.xib */,
				8D1107310486CEB800E47090 /* Kremlin-Info.plist */,
			);
			name = Resources;
			sourceTree = "<group>";
		};
		29B97323FDCFA39411CA2CEA /* Frameworks */ = {
			isa = PBXGroup;
			children = (
				D14FBA0613977344000661B1 /* SystemConfiguration.framework */,
				D121623212673A3800B763CD /* iAd.framework */,
				1DF5F4DF0D08C38300B7A737 /* UIKit.framework */,
				1D30AB110D05D00D00671497 /* Foundation.framework */,
				288765A40DF7441C002DB57D /* CoreGraphics.framework */,
				D163B826128EBA030013FFC3 /* AudioToolbox.framework */,
				D163B828128EBA030013FFC3 /* MediaPlayer.framework */,
				D163B82A128EBA030013FFC3 /* MessageUI.framework */,
				D163B82C128EBA030013FFC3 /* QuartzCore.framework */,
			);
			name = Frameworks;
			sourceTree = "<group>";
		};
		D163B82E128EBA760013FFC3 /* AdMob */ = {
			isa = PBXGroup;
			children = (
				D14FB9FA13976BD2000661B1 /* GADBannerView.h */,
				D14FB9FB13976BD2000661B1 /* GADBannerViewDelegate.h */,
				D14FB9FC13976BD2000661B1 /* GADInterstitial.h */,
				D14FB9FD13976BD2000661B1 /* GADInterstitialDelegate.h */,
				D14FB9FE13976BD2000661B1 /* GADRequest.h */,
				D14FB9FF13976BD2000661B1 /* GADRequestError.h */,
				D14FBA0013976BD2000661B1 /* libGoogleAdMobAds.a */,
				D14FBA0113976BD2000661B1 /* README.txt */,
			);
			path = AdMob;
			sourceTree = "<group>";
		};
		D163B834128EBA760013FFC3 /* TouchJSON */ = {
			isa = PBXGroup;
			children = (
				D163B835128EBA760013FFC3 /* CDataScanner.h */,
				D163B836128EBA760013FFC3 /* CDataScanner.m */,
				D163B837128EBA760013FFC3 /* Extensions */,
				D163B840128EBA760013FFC3 /* JSON */,
			);
			path = TouchJSON;
			sourceTree = "<group>";
		};
		D163B837128EBA760013FFC3 /* Extensions */ = {
			isa = PBXGroup;
			children = (
				D163B838128EBA760013FFC3 /* CDataScanner_Extensions.h */,
				D163B839128EBA760013FFC3 /* CDataScanner_Extensions.m */,
				D163B83A128EBA760013FFC3 /* NSCharacterSet_Extensions.h */,
				D163B83B128EBA760013FFC3 /* NSCharacterSet_Extensions.m */,
				D163B83C128EBA760013FFC3 /* NSDictionary_JSONExtensions.h */,
				D163B83D128EBA760013FFC3 /* NSDictionary_JSONExtensions.m */,
				D163B83E128EBA760013FFC3 /* NSScanner_Extensions.h */,
				D163B83F128EBA760013FFC3 /* NSScanner_Extensions.m */,
			);
			path = Extensions;
			sourceTree = "<group>";
		};
		D163B840128EBA760013FFC3 /* JSON */ = {
			isa = PBXGroup;
			children = (
				D163B841128EBA760013FFC3 /* CJSONDataSerializer.h */,
				D163B842128EBA760013FFC3 /* CJSONDataSerializer.m */,
				D163B843128EBA760013FFC3 /* CJSONDeserializer.h */,
				D163B844128EBA760013FFC3 /* CJSONDeserializer.m */,
				D163B845128EBA760013FFC3 /* CJSONScanner.h */,
				D163B846128EBA760013FFC3 /* CJSONScanner.m */,
				D163B847128EBA760013FFC3 /* CJSONSerializer.h */,
				D163B848128EBA760013FFC3 /* CJSONSerializer.m */,
				D163B849128EBA760013FFC3 /* CSerializedJSONData.h */,
				D163B84A128EBA760013FFC3 /* CSerializedJSONData.m */,
			);
			path = JSON;
			sourceTree = "<group>";
		};
		D186E6BC122E7D44000D9F92 /* images */ = {
			isa = PBXGroup;
			children = (
				D186E6BD122E7D44000D9F92 /* Done1.jpg */,
				D186E6BE122E7D44000D9F92 /* Done10.jpg */,
				D186E6BF122E7D44000D9F92 /* Done11.jpg */,
				D186E6C0122E7D44000D9F92 /* Done12.jpg */,
				D186E6C1122E7D44000D9F92 /* Done13.jpg */,
				D186E6C2122E7D44000D9F92 /* Done14.jpg */,
				D186E6C3122E7D44000D9F92 /* Done15.jpg */,
				D186E6C4122E7D44000D9F92 /* Done16.jpg */,
				D186E6C5122E7D44000D9F92 /* Done17.jpg */,
				D186E6C6122E7D44000D9F92 /* Done18.jpg */,
				D186E6C7122E7D44000D9F92 /* Done19.jpg */,
				D186E6C8122E7D44000D9F92 /* Done2.jpg */,
				D186E6C9122E7D44000D9F92 /* Done20.jpg */,
				D186E6CA122E7D44000D9F92 /* Done21.jpg */,
				D186E6CB122E7D44000D9F92 /* Done3.jpg */,
				D186E6CC122E7D44000D9F92 /* Done4.jpg */,
				D186E6CD122E7D44000D9F92 /* Done5.jpg */,
				D186E6CE122E7D44000D9F92 /* Done6.jpg */,
				D186E6CF122E7D44000D9F92 /* Done7.jpg */,
				D186E6D0122E7D44000D9F92 /* Done8.jpg */,
				D186E6D1122E7D44000D9F92 /* Done9.jpg */,
				D186E6D2122E7D44000D9F92 /* Icon-72.png */,
				D186E6D3122E7D44000D9F92 /* Icon-Small-50.png */,
				D186E6D4122E7D44000D9F92 /* Icon-Small.png */,
				D186E6D5122E7D44000D9F92 /* Icon-Small@2x.png */,
				D186E6D6122E7D44000D9F92 /* Icon.png */,
				D186E6D7122E7D44000D9F92 /* Icon@2x.png */,
				D186E6D8122E7D44000D9F92 /* iTunesArtwork */,
			);
			path = images;
			sourceTree = "<group>";
		};
/* End PBXGroup section */

/* Begin PBXNativeTarget section */
		1D6058900D05DD3D006BFB54 /* Kremlin */ = {
			isa = PBXNativeTarget;
			buildConfigurationList = 1D6058960D05DD3E006BFB54 /* Build configuration list for PBXNativeTarget "Kremlin" */;
			buildPhases = (
				1D60588D0D05DD3D006BFB54 /* Resources */,
				1D60588E0D05DD3D006BFB54 /* Sources */,
				1D60588F0D05DD3D006BFB54 /* Frameworks */,
			);
			buildRules = (
			);
			dependencies = (
			);
			name = Kremlin;
			productName = Kremlin;
			productReference = 1D6058910D05DD3D006BFB54 /* Kremlin.app */;
			productType = "com.apple.product-type.application";
		};
/* End PBXNativeTarget section */

/* Begin PBXProject section */
		29B97313FDCFA39411CA2CEA /* Project object */ = {
			isa = PBXProject;
			buildConfigurationList = C01FCF4E08A954540054247B /* Build configuration list for PBXProject "Kremlin" */;
			compatibilityVersion = "Xcode 3.1";
			developmentRegion = English;
			hasScannedForEncodings = 1;
			knownRegions = (
				English,
				Japanese,
				French,
				German,
			);
			mainGroup = 29B97314FDCFA39411CA2CEA /* CustomTemplate */;
			projectDirPath = "";
			projectRoot = "";
			targets = (
				1D6058900D05DD3D006BFB54 /* Kremlin */,
			);
		};
/* End PBXProject section */

/* Begin PBXResourcesBuildPhase section */
		1D60588D0D05DD3D006BFB54 /* Resources */ = {
			isa = PBXResourcesBuildPhase;
			buildActionMask = 2147483647;
			files = (
				28AD733F0D9D9553002E5188 /* MainWindow.xib in Resources */,
				2899E5220DE3E06400AC0155 /* KremlinViewController.xib in Resources */,
				D186E6D9122E7D44000D9F92 /* Done1.jpg in Resources */,
				D186E6DA122E7D44000D9F92 /* Done10.jpg in Resources */,
				D186E6DB122E7D44000D9F92 /* Done11.jpg in Resources */,
				D186E6DC122E7D44000D9F92 /* Done12.jpg in Resources */,
				D186E6DD122E7D44000D9F92 /* Done13.jpg in Resources */,
				D186E6DE122E7D44000D9F92 /* Done14.jpg in Resources */,
				D186E6DF122E7D44000D9F92 /* Done15.jpg in Resources */,
				D186E6E0122E7D44000D9F92 /* Done16.jpg in Resources */,
				D186E6E1122E7D44000D9F92 /* Done17.jpg in Resources */,
				D186E6E2122E7D44000D9F92 /* Done18.jpg in Resources */,
				D186E6E3122E7D44000D9F92 /* Done19.jpg in Resources */,
				D186E6E4122E7D44000D9F92 /* Done2.jpg in Resources */,
				D186E6E5122E7D44000D9F92 /* Done20.jpg in Resources */,
				D186E6E6122E7D44000D9F92 /* Done21.jpg in Resources */,
				D186E6E7122E7D44000D9F92 /* Done3.jpg in Resources */,
				D186E6E8122E7D44000D9F92 /* Done4.jpg in Resources */,
				D186E6E9122E7D44000D9F92 /* Done5.jpg in Resources */,
				D186E6EA122E7D44000D9F92 /* Done6.jpg in Resources */,
				D186E6EB122E7D44000D9F92 /* Done7.jpg in Resources */,
				D186E6EC122E7D44000D9F92 /* Done8.jpg in Resources */,
				D186E6ED122E7D44000D9F92 /* Done9.jpg in Resources */,
				D186E6EE122E7D44000D9F92 /* Icon-72.png in Resources */,
				D186E6EF122E7D44000D9F92 /* Icon-Small-50.png in Resources */,
				D186E6F0122E7D44000D9F92 /* Icon-Small.png in Resources */,
				D186E6F1122E7D44000D9F92 /* Icon-Small@2x.png in Resources */,
				D186E6F2122E7D44000D9F92 /* Icon.png in Resources */,
				D186E6F3122E7D44000D9F92 /* Icon@2x.png in Resources */,
				D186E6F4122E7D44000D9F92 /* iTunesArtwork in Resources */,
				D186E6F8122E7D6B000D9F92 /* Default.png in Resources */,
				D14FBA0313976BD2000661B1 /* README.txt in Resources */,
			);
			runOnlyForDeploymentPostprocessing = 0;
		};
/* End PBXResourcesBuildPhase section */

/* Begin PBXSourcesBuildPhase section */
		1D60588E0D05DD3D006BFB54 /* Sources */ = {
			isa = PBXSourcesBuildPhase;
			buildActionMask = 2147483647;
			files = (
				1D60589B0D05DD56006BFB54 /* main.m in Sources */,
				1D3623260D0F684500981E51 /* KremlinAppDelegate.m in Sources */,
				28D7ACF80DDB3853001CB0EB /* KremlinViewController.m in Sources */,
				D163B84C128EBA760013FFC3 /* CDataScanner.m in Sources */,
				D163B84D128EBA760013FFC3 /* CDataScanner_Extensions.m in Sources */,
				D163B84E128EBA760013FFC3 /* NSCharacterSet_Extensions.m in Sources */,
				D163B84F128EBA760013FFC3 /* NSDictionary_JSONExtensions.m in Sources */,
				D163B850128EBA760013FFC3 /* NSScanner_Extensions.m in Sources */,
				D163B851128EBA760013FFC3 /* CJSONDataSerializer.m in Sources */,
				D163B852128EBA760013FFC3 /* CJSONDeserializer.m in Sources */,
				D163B853128EBA760013FFC3 /* CJSONScanner.m in Sources */,
				D163B854128EBA760013FFC3 /* CJSONSerializer.m in Sources */,
				D163B855128EBA760013FFC3 /* CSerializedJSONData.m in Sources */,
			);
			runOnlyForDeploymentPostprocessing = 0;
		};
/* End PBXSourcesBuildPhase section */

/* Begin XCBuildConfiguration section */
		1D6058940D05DD3E006BFB54 /* Debug */ = {
			isa = XCBuildConfiguration;
			buildSettings = {
				ALWAYS_SEARCH_USER_PATHS = NO;
				CODE_SIGN_IDENTITY = "iPhone Developer: Вадим Бабаджанян (AZRC5H56D3)";
				"CODE_SIGN_IDENTITY[sdk=iphoneos*]" = "iPhone Developer: Вадим Бабаджанян (AZRC5H56D3)";
				COPY_PHASE_STRIP = NO;
				GCC_DYNAMIC_NO_PIC = NO;
				GCC_OPTIMIZATION_LEVEL = 0;
				GCC_PRECOMPILE_PREFIX_HEADER = YES;
				GCC_PREFIX_HEADER = Kremlin_Prefix.pch;
				INFOPLIST_FILE = "Kremlin-Info.plist";
				LIBRARY_SEARCH_PATHS = (
					"$(inherited)",
					"\"$(SRCROOT)/AdMob\"",
				);
				PRODUCT_NAME = Kremlin;
				PROVISIONING_PROFILE = "EDCF72E4-FAC1-4088-BC71-AFD141314922";
				"PROVISIONING_PROFILE[sdk=iphoneos*]" = "EDCF72E4-FAC1-4088-BC71-AFD141314922";
			};
			name = Debug;
		};
		1D6058950D05DD3E006BFB54 /* Release */ = {
			isa = XCBuildConfiguration;
			buildSettings = {
				ALWAYS_SEARCH_USER_PATHS = NO;
				CODE_SIGN_IDENTITY = "iPhone Distribution: Вадим Бабаджанян";
				"CODE_SIGN_IDENTITY[sdk=iphoneos*]" = "iPhone Distribution: Вадим Бабаджанян";
				COPY_PHASE_STRIP = YES;
				GCC_PRECOMPILE_PREFIX_HEADER = YES;
				GCC_PREFIX_HEADER = Kremlin_Prefix.pch;
				INFOPLIST_FILE = "Kremlin-Info.plist";
				LIBRARY_SEARCH_PATHS = (
					"$(inherited)",
					"\"$(SRCROOT)/AdMob\"",
				);
				PRODUCT_NAME = Kremlin;
				PROVISIONING_PROFILE = "3F595BA8-7EA2-4767-B529-646881C3B2E1";
				"PROVISIONING_PROFILE[sdk=iphoneos*]" = "3F595BA8-7EA2-4767-B529-646881C3B2E1";
				VALIDATE_PRODUCT = YES;
			};
			name = Release;
		};
		C01FCF4F08A954540054247B /* Debug */ = {
			isa = XCBuildConfiguration;
			buildSettings = {
				ARCHS = "$(ARCHS_STANDARD_32_BIT)";
				"CODE_SIGN_IDENTITY[sdk=iphoneos*]" = "iPhone Developer: Вадим Бабаджанян (AZRC5H56D3)";
				GCC_C_LANGUAGE_STANDARD = c99;
				GCC_WARN_ABOUT_RETURN_TYPE = YES;
				GCC_WARN_UNUSED_VARIABLE = YES;
				IPHONEOS_DEPLOYMENT_TARGET = 3.1;
				PREBINDING = NO;
				"PROVISIONING_PROFILE[sdk=iphoneos*]" = "5D0EA61C-1E11-4519-BDB2-1F73D928C96D";
				SDKROOT = iphoneos4.1;
			};
			name = Debug;
		};
		C01FCF5008A954540054247B /* Release */ = {
			isa = XCBuildConfiguration;
			buildSettings = {
				ARCHS = "$(ARCHS_STANDARD_32_BIT)";
				"CODE_SIGN_IDENTITY[sdk=iphoneos*]" = "iPhone Distribution: Вадим Бабаджанян";
				GCC_C_LANGUAGE_STANDARD = c99;
				GCC_WARN_ABOUT_RETURN_TYPE = YES;
				GCC_WARN_UNUSED_VARIABLE = YES;
				IPHONEOS_DEPLOYMENT_TARGET = 3.1;
				OTHER_CFLAGS = "-DNS_BLOCK_ASSERTIONS=1";
				PREBINDING = NO;
				"PROVISIONING_PROFILE[sdk=iphoneos*]" = "D813F139-6405-4456-9FFF-15CD74CBEB4B";
				SDKROOT = iphoneos4.1;
			};
			name = Release;
		};
/* End XCBuildConfiguration section */

/* Begin XCConfigurationList section */
		1D6058960D05DD3E006BFB54 /* Build configuration list for PBXNativeTarget "Kremlin" */ = {
			isa = XCConfigurationList;
			buildConfigurations = (
				1D6058940D05DD3E006BFB54 /* Debug */,
				1D6058950D05DD3E006BFB54 /* Release */,
			);
			defaultConfigurationIsVisible = 0;
			defaultConfigurationName = Release;
		};
		C01FCF4E08A954540054247B /* Build configuration list for PBXProject "Kremlin" */ = {
			isa = XCConfigurationList;
			buildConfigurations = (
				C01FCF4F08A954540054247B /* Debug */,
				C01FCF5008A954540054247B /* Release */,
			);
			defaultConfigurationIsVisible = 0;
			defaultConfigurationName = Release;
		};
/* End XCConfigurationList section */
	};
	rootObject = 29B97313FDCFA39411CA2CEA /* Project object */;
}
